
Microsoft Visual Studio Solution File, Format Version 12.00
# Visual Studio Version 16
VisualStudioVersion = 16.0.810.8
MinimumVisualStudioVersion = 10.0.40219.1
Project("{FAE04EC0-301F-11D3-BF4B-00C04F79EFBC}") = "BlazorProyecto", "BlazorProyecto\BlazorProyecto.csproj", "{7192DD9B-E382-49EE-8A29-E1A0EEAC8249}"
EndProject
Project("{FAE04EC0-301F-11D3-BF4B-00C04F79EFBC}") = "Entities", "Entities\Entities.csproj", "{74F91F4F-0B77-4CA3-9987-25A65FFC20FF}"
EndProject
Project("{FAE04EC0-301F-11D3-BF4B-00C04F79EFBC}") = "DataAccess", "DataAccess\DataAccess.csproj", "{F1962486-BF4A-41D9-9003-96DFA21AB468}"
EndProject
Project("{FAE04EC0-301F-11D3-BF4B-00C04F79EFBC}") = "Business", "Business\Business.csproj", "{C1198492-7153-49E1-8378-82F237B0CA5F}"
EndProject
Global
	GlobalSection(SolutionConfigurationPlatforms) = preSolution
		Debug|Any CPU = Debug|Any CPU
		Release|Any CPU = Release|Any CPU
	EndGlobalSection
	GlobalSection(ProjectConfigurationPlatforms) = postSolution
		{7192DD9B-E382-49EE-8A29-E1A0EEAC8249}.Debug|Any CPU.ActiveCfg = Debug|Any CPU
		{7192DD9B-E382-49EE-8A29-E1A0EEAC8249}.Debug|Any CPU.Build.0 = Debug|Any CPU
		{7192DD9B-E382-49EE-8A29-E1A0EEAC8249}.Release|Any CPU.ActiveCfg = Release|Any CPU
		{7192DD9B-E382-49EE-8A29-E1A0EEAC8249}.Release|Any CPU.Build.0 = Release|Any CPU
		{74F91F4F-0B77-4CA3-9987-25A65FFC20FF}.Debug|Any CPU.ActiveCfg = Debug|Any CPU
		{74F91F4F-0B77-4CA3-9987-25A65FFC20FF}.Debug|Any CPU.Build.0 = Debug|Any CPU
		{74F91F4F-0B77-4CA3-9987-25A65FFC20FF}.Release|Any CPU.ActiveCfg = Release|Any CPU
		{74F91F4F-0B77-4CA3-9987-25A65FFC20FF}.Release|Any CPU.Build.0 = Release|Any CPU
		{F1962486-BF4A-41D9-9003-96DFA21AB468}.Debug|Any CPU.ActiveCfg = Debug|Any CPU
		{F1962486-BF4A-41D9-9003-96DFA21AB468}.Debug|Any CPU.Build.0 = Debug|Any CPU
		{F1962486-BF4A-41D9-9003-96DFA21AB468}.Release|Any CPU.ActiveCfg = Release|Any CPU
		{F1962486-BF4A-41D9-9003-96DFA21AB468}.Release|Any CPU.Build.0 = Release|Any CPU
		{C1198492-7153-49E1-8378-82F237B0CA5F}.Debug|Any CPU.ActiveCfg = Debug|Any CPU
		{C1198492-7153-49E1-8378-82F237B0CA5F}.Debug|Any CPU.Build.0 = Debug|Any CPU
		{C1198492-7153-49E1-8378-82F237B0CA5F}.Release|Any CPU.ActiveCfg = Release|Any CPU
		{C1198492-7153-49E1-8378-82F237B0CA5F}.Release|Any CPU.Build.0 = Release|Any CPU
	EndGlobalSection
	GlobalSection(SolutionProperties) = preSolution
		HideSolutionNode = FALSE
	EndGlobalSection
	GlobalSection(ExtensibilityGlobals) = postSolution
		SolutionGuid = {51668FF6-A3FD-4F00-8763-D9C0A52E4993}
	EndGlobalSection
EndGlobal
